{"version":4,"terraform_version":"1.8.6","serial":5,"lineage":"0d3838d7-0cb1-4778-6c30-47ba02d5afe3","outputs":{},"resources":[{"mode":"managed","type":"keycloak_openid_client","name":"oauth2_proxy_client","provider":"provider[\"registry.terraform.io/mrparkers/keycloak\"]","instances":[{"schema_version":0,"attributes":{"access_token_lifespan":"","access_type":"CONFIDENTIAL","admin_url":"","authentication_flow_binding_overrides":[],"authorization":[],"backchannel_logout_revoke_offline_sessions":false,"backchannel_logout_session_required":true,"backchannel_logout_url":"","base_url":"","client_authenticator_type":"client-secret","client_id":"oauth2-proxy","client_offline_session_idle_timeout":"","client_offline_session_max_lifespan":"","client_secret":"iP9ZwHZWKh04PVZydkek4Bguu2BWWhnL","client_session_idle_timeout":"","client_session_max_lifespan":"","consent_required":false,"consent_screen_text":"","description":"","direct_access_grants_enabled":false,"display_on_consent_screen":false,"enabled":true,"exclude_session_state_from_auth_response":null,"extra_config":null,"frontchannel_logout_enabled":false,"frontchannel_logout_url":"","full_scope_allowed":true,"id":"fcde6c12-335c-45ec-b06c-e3e18b980eb8","implicit_flow_enabled":false,"import":false,"login_theme":"","name":"oauth2-proxy","oauth2_device_authorization_grant_enabled":false,"oauth2_device_code_lifespan":"","oauth2_device_polling_interval":"","pkce_code_challenge_method":null,"realm_id":"spezistudyplatform","resource_server_id":null,"root_url":"","service_account_user_id":"","service_accounts_enabled":false,"standard_flow_enabled":true,"use_refresh_tokens":true,"use_refresh_tokens_client_credentials":false,"valid_post_logout_redirect_uris":[],"valid_redirect_uris":["https://spezi.172.20.117.44.nip.io/oauth2/callback"],"web_origins":[]},"sensitive_attributes":[[{"type":"get_attr","value":"client_secret"}]],"private":"bnVsbA==","dependencies":["keycloak_realm.realm"]}]},{"mode":"managed","type":"keycloak_openid_client_optional_scopes","name":"oauth2_proxy_groups_scope","provider":"provider[\"registry.terraform.io/mrparkers/keycloak\"]","instances":[{"schema_version":0,"attributes":{"client_id":"fcde6c12-335c-45ec-b06c-e3e18b980eb8","id":"spezistudyplatform/fcde6c12-335c-45ec-b06c-e3e18b980eb8","optional_scopes":["groups"],"realm_id":"spezistudyplatform"},"sensitive_attributes":[],"private":"bnVsbA==","dependencies":["keycloak_openid_client.oauth2_proxy_client","keycloak_openid_client_scope.groups_scope","keycloak_realm.realm"]}]},{"mode":"managed","type":"keycloak_openid_client_scope","name":"groups_scope","provider":"provider[\"registry.terraform.io/mrparkers/keycloak\"]","instances":[{"schema_version":0,"attributes":{"consent_screen_text":null,"description":"Groups membership","gui_order":null,"id":"a5eb2474-a649-41dd-8cf3-282eec8501b3","include_in_token_scope":true,"name":"groups","realm_id":"spezistudyplatform"},"sensitive_attributes":[],"private":"bnVsbA==","dependencies":["keycloak_realm.realm"]}]},{"mode":"managed","type":"keycloak_openid_group_membership_protocol_mapper","name":"oauth2_proxy_groups_mapper","provider":"provider[\"registry.terraform.io/mrparkers/keycloak\"]","instances":[{"schema_version":0,"attributes":{"add_to_access_token":true,"add_to_id_token":true,"add_to_userinfo":true,"claim_name":"groups","client_id":null,"client_scope_id":"a5eb2474-a649-41dd-8cf3-282eec8501b3","full_path":false,"id":"3f89cc96-8c24-48f4-abdf-7e2762530287","name":"groups","realm_id":"spezistudyplatform"},"sensitive_attributes":[],"private":"bnVsbA==","dependencies":["keycloak_openid_client_scope.groups_scope","keycloak_realm.realm"]}]},{"mode":"managed","type":"keycloak_openid_user_realm_role_protocol_mapper","name":"oauth2_proxy_roles_mapper","provider":"provider[\"registry.terraform.io/mrparkers/keycloak\"]","instances":[{"schema_version":0,"attributes":{"add_to_access_token":true,"add_to_id_token":true,"add_to_userinfo":true,"claim_name":"groups","claim_value_type":"String","client_id":null,"client_scope_id":"a5eb2474-a649-41dd-8cf3-282eec8501b3","id":"e5250020-1d24-4859-bfcd-ae23818475bb","multivalued":true,"name":"realm roles","realm_id":"spezistudyplatform","realm_role_prefix":""},"sensitive_attributes":[],"private":"bnVsbA==","dependencies":["keycloak_openid_client_scope.groups_scope","keycloak_realm.realm"]}]},{"mode":"managed","type":"keycloak_realm","name":"realm","provider":"provider[\"registry.terraform.io/mrparkers/keycloak\"]","instances":[{"schema_version":0,"attributes":{"access_code_lifespan":"1m0s","access_code_lifespan_login":"30m0s","access_code_lifespan_user_action":"5m0s","access_token_lifespan":"5m0s","access_token_lifespan_for_implicit_flow":"15m0s","account_theme":"","action_token_generated_by_admin_lifespan":"12h0m0s","action_token_generated_by_user_lifespan":"5m0s","admin_theme":"","attributes":null,"browser_flow":"browser","client_authentication_flow":"clients","client_session_idle_timeout":"0s","client_session_max_lifespan":"0s","default_default_client_scopes":null,"default_optional_client_scopes":null,"default_signature_algorithm":"","direct_grant_flow":"direct grant","display_name":"","display_name_html":"","docker_authentication_flow":"docker auth","duplicate_emails_allowed":false,"edit_username_allowed":false,"email_theme":"","enabled":true,"id":"spezistudyplatform","internal_id":"spezistudyplatform","internationalization":[],"login_theme":"","login_with_email_allowed":false,"oauth2_device_code_lifespan":"10m0s","oauth2_device_polling_interval":5,"offline_session_idle_timeout":"720h0m0s","offline_session_max_lifespan":"1440h0m0s","offline_session_max_lifespan_enabled":false,"otp_policy":[{"algorithm":"HmacSHA1","digits":6,"initial_counter":0,"look_ahead_window":1,"period":30,"type":"totp"}],"password_policy":"","realm":"spezistudyplatform","refresh_token_max_reuse":0,"registration_allowed":false,"registration_email_as_username":false,"registration_flow":"registration","remember_me":false,"reset_credentials_flow":"reset credentials","reset_password_allowed":false,"revoke_refresh_token":false,"security_defenses":[],"smtp_server":[],"ssl_required":"external","sso_session_idle_timeout":"30m0s","sso_session_idle_timeout_remember_me":"0s","sso_session_max_lifespan":"10h0m0s","sso_session_max_lifespan_remember_me":"0s","user_managed_access":false,"verify_email":false,"web_authn_passwordless_policy":[{"acceptable_aaguids":[],"attestation_conveyance_preference":"not specified","authenticator_attachment":"not specified","avoid_same_authenticator_register":false,"create_timeout":0,"relying_party_entity_name":"keycloak","relying_party_id":"","require_resident_key":"not specified","signature_algorithms":["ES256","RS256"],"user_verification_requirement":"not specified"}],"web_authn_policy":[{"acceptable_aaguids":[],"attestation_conveyance_preference":"not specified","authenticator_attachment":"not specified","avoid_same_authenticator_register":false,"create_timeout":0,"relying_party_entity_name":"keycloak","relying_party_id":"","require_resident_key":"not specified","signature_algorithms":["ES256","RS256"],"user_verification_requirement":"not specified"}]},"sensitive_attributes":[],"private":"bnVsbA=="}]},{"mode":"managed","type":"keycloak_role","name":"authorized_users","provider":"provider[\"registry.terraform.io/mrparkers/keycloak\"]","instances":[{"schema_version":0,"attributes":{"attributes":null,"client_id":"","composite_roles":null,"description":"Users authorized to access the Spezi Study Platform","id":"c4214fd0-0eff-4934-972c-6e9b40037209","name":"spezistudyplatform-authorized-users","realm_id":"spezistudyplatform"},"sensitive_attributes":[],"private":"bnVsbA==","dependencies":["keycloak_realm.realm"]}]},{"mode":"managed","type":"keycloak_user","name":"testuser","provider":"provider[\"registry.terraform.io/mrparkers/keycloak\"]","instances":[{"schema_version":0,"attributes":{"attributes":null,"email":"testuser@example.com","email_verified":true,"enabled":true,"federated_identity":[],"first_name":"Test","id":"62684351-b188-4658-9093-c81f7ae31b1d","initial_password":[{"temporary":false,"value":"password123"}],"last_name":"User","realm_id":"spezistudyplatform","required_actions":null,"username":"testuser"},"sensitive_attributes":[[{"type":"get_attr","value":"initial_password"},{"type":"index","value":{"value":0,"type":"number"}},{"type":"get_attr","value":"value"}]],"private":"bnVsbA==","dependencies":["keycloak_realm.realm"]}]},{"mode":"managed","type":"keycloak_user","name":"testuser2","provider":"provider[\"registry.terraform.io/mrparkers/keycloak\"]","instances":[{"schema_version":0,"attributes":{"attributes":null,"email":"testuser2@example.com","email_verified":true,"enabled":true,"federated_identity":[],"first_name":"Test","id":"9b09f117-9504-45c0-bc3a-d2176c0bf8ec","initial_password":[{"temporary":false,"value":"password456"}],"last_name":"User2","realm_id":"spezistudyplatform","required_actions":null,"username":"testuser2"},"sensitive_attributes":[[{"type":"get_attr","value":"initial_password"},{"type":"index","value":{"value":0,"type":"number"}},{"type":"get_attr","value":"value"}]],"private":"bnVsbA==","dependencies":["keycloak_realm.realm"]}]},{"mode":"managed","type":"keycloak_user_roles","name":"testuser_roles","provider":"provider[\"registry.terraform.io/mrparkers/keycloak\"]","instances":[{"schema_version":0,"attributes":{"exhaustive":true,"id":"spezistudyplatform/62684351-b188-4658-9093-c81f7ae31b1d","realm_id":"spezistudyplatform","role_ids":["c4214fd0-0eff-4934-972c-6e9b40037209"],"user_id":"62684351-b188-4658-9093-c81f7ae31b1d"},"sensitive_attributes":[],"private":"bnVsbA==","dependencies":["keycloak_realm.realm","keycloak_role.authorized_users","keycloak_user.testuser"]}]}],"check_results":null}
